<?xml version="1.0" encoding="utf-8"?>
<Project ToolsVersion="4.0" xmlns="http://schemas.microsoft.com/developer/msbuild/2003">
  <ItemGroup>
    <Filter Include="Source Files">
      <UniqueIdentifier>{4FC737F1-C7A5-4376-A066-2A32D752A2FF}</UniqueIdentifier>
      <Extensions>cpp;c;cc;cxx;c++;cppm;ixx;def;odl;idl;hpj;bat;asm;asmx</Extensions>
    </Filter>
    <Filter Include="Header Files">
      <UniqueIdentifier>{93995380-89BD-4b04-88EB-625FBE52EBFB}</UniqueIdentifier>
      <Extensions>h;hh;hpp;hxx;h++;hm;inl;inc;ipp;xsd</Extensions>
    </Filter>
    <Filter Include="Resource Files">
      <UniqueIdentifier>{67DA6AB6-F800-4c08-8B7A-83BB121AAD01}</UniqueIdentifier>
      <Extensions>rc;ico;cur;bmp;dlg;rc2;rct;bin;rgs;gif;jpg;jpeg;jpe;resx;tiff;tif;png;wav;mfcribbon-ms</Extensions>
    </Filter>
    <Filter Include="Source Files\Core">
      <UniqueIdentifier>{ef110503-ddbe-43ab-b2ce-1467d2b400f6}</UniqueIdentifier>
    </Filter>
    <Filter Include="Source Files\Core\sfMod">
      <UniqueIdentifier>{f343c325-1b9c-44eb-90ab-fd0bceb82ff7}</UniqueIdentifier>
    </Filter>
    <Filter Include="Header Files\Core">
      <UniqueIdentifier>{fdcebf43-b910-4266-b1cd-10e3d90a5eb7}</UniqueIdentifier>
    </Filter>
    <Filter Include="Header Files\Text">
      <UniqueIdentifier>{f4365ee7-000b-41ee-b4a5-084d9dabd179}</UniqueIdentifier>
    </Filter>
    <Filter Include="Header Files\Core\Loading">
      <UniqueIdentifier>{6225f67d-ad73-4684-b7e4-fed302c16772}</UniqueIdentifier>
    </Filter>
    <Filter Include="Header Files\Core\Animate">
      <UniqueIdentifier>{c510f833-537e-4c62-909d-45e55661e0fb}</UniqueIdentifier>
    </Filter>
    <Filter Include="Header Files\Core\Collision">
      <UniqueIdentifier>{d9970c6f-a8ff-42d0-a65d-49e3961b8bf2}</UniqueIdentifier>
    </Filter>
    <Filter Include="Header Files\Core\MultiThreading">
      <UniqueIdentifier>{075fd705-7e67-4082-b18e-6a91d88ef643}</UniqueIdentifier>
    </Filter>
    <Filter Include="Header Files\Block">
      <UniqueIdentifier>{4a3eba4f-33e6-4d40-835c-139bed7cb358}</UniqueIdentifier>
    </Filter>
    <Filter Include="Header Files\Object">
      <UniqueIdentifier>{d87351df-6a0c-487d-b96d-0e2fb001e67a}</UniqueIdentifier>
    </Filter>
    <Filter Include="Header Files\Effect">
      <UniqueIdentifier>{843e3f0c-f940-4b9b-8365-50e1ee4a7b25}</UniqueIdentifier>
    </Filter>
    <Filter Include="Level">
      <UniqueIdentifier>{17b876ac-913c-4363-92f3-e3c9462cc527}</UniqueIdentifier>
    </Filter>
    <Filter Include="Source Files\Core\Animate">
      <UniqueIdentifier>{c983c89d-d484-4376-8b04-ea0e6b2545aa}</UniqueIdentifier>
    </Filter>
    <Filter Include="Source Files\Core\Loading">
      <UniqueIdentifier>{ff1871f6-51c9-447c-95f0-3904d3467998}</UniqueIdentifier>
    </Filter>
    <Filter Include="Source Files\Core\Collision">
      <UniqueIdentifier>{c0b5879e-8dc2-43a4-b3f4-10858174e894}</UniqueIdentifier>
    </Filter>
    <Filter Include="Source Files\Core\MultiThreading">
      <UniqueIdentifier>{97981b7d-6f53-4a72-ac9b-78a41f5558b2}</UniqueIdentifier>
    </Filter>
    <Filter Include="Source Files\Block">
      <UniqueIdentifier>{0ea714dc-477f-4aeb-a1ef-98f62ef5acc0}</UniqueIdentifier>
    </Filter>
    <Filter Include="Source Files\Effect">
      <UniqueIdentifier>{0c80f93c-676c-47ab-a011-6f40c56bafed}</UniqueIdentifier>
    </Filter>
    <Filter Include="Source Files\Object">
      <UniqueIdentifier>{aa83e442-bb22-407d-b918-33310ebbb60a}</UniqueIdentifier>
    </Filter>
    <Filter Include="Source Files\Text">
      <UniqueIdentifier>{68a6eaf9-f327-4f6f-b3cd-36744ab35ab1}</UniqueIdentifier>
    </Filter>
    <Filter Include="Header Files\Core\Background">
      <UniqueIdentifier>{523c8b90-f612-427a-a19c-bc49a4d9a922}</UniqueIdentifier>
    </Filter>
    <Filter Include="Source Files\Core\Background">
      <UniqueIdentifier>{5f376aa1-a2fa-4765-9762-1edc19e7eab5}</UniqueIdentifier>
    </Filter>
    <Filter Include="Header Files\Core\ExternalHeaders">
      <UniqueIdentifier>{e34bffe5-21c6-47b6-9f11-cdbb54e3e7cb}</UniqueIdentifier>
    </Filter>
    <Filter Include="Header Files\Core\ExternalHeaders\Kairos">
      <UniqueIdentifier>{d621127d-a6fb-4b2b-b16f-2fb97e7e0801}</UniqueIdentifier>
    </Filter>
    <Filter Include="Header Files\Core\ExternalHeaders\sfMod">
      <UniqueIdentifier>{b39e85b8-c0ed-46ff-8150-4e40e825cb33}</UniqueIdentifier>
    </Filter>
  </ItemGroup>
  <ItemGroup>
    <ClCompile Include="sources\sfMod.cpp">
      <Filter>Source Files\Core\sfMod</Filter>
    </ClCompile>
    <ClCompile Include="sources\Sound.cpp">
      <Filter>Source Files\Core</Filter>
    </ClCompile>
    <ClCompile Include="Source.cpp">
      <Filter>Source Files</Filter>
    </ClCompile>
    <ClCompile Include="sources\AnimationManager.cpp">
      <Filter>Source Files\Core\Animate</Filter>
    </ClCompile>
    <ClCompile Include="sources\Loading.cpp">
      <Filter>Source Files\Core\Loading</Filter>
    </ClCompile>
    <ClCompile Include="sources\Collide.cpp">
      <Filter>Source Files\Core\Collision</Filter>
    </ClCompile>
    <ClCompile Include="sources\Level.cpp">
      <Filter>Source Files\Core</Filter>
    </ClCompile>
    <ClCompile Include="sources\Scroll.cpp">
      <Filter>Source Files\Core</Filter>
    </ClCompile>
    <ClCompile Include="sources\TextureManager.cpp">
      <Filter>Source Files\Core</Filter>
    </ClCompile>
    <ClCompile Include="sources\WindowFrame.cpp">
      <Filter>Source Files\Core</Filter>
    </ClCompile>
    <ClCompile Include="sources\ThreadPool.cpp">
      <Filter>Source Files\Core\MultiThreading</Filter>
    </ClCompile>
    <ClCompile Include="sources\Brick.cpp">
      <Filter>Source Files\Block</Filter>
    </ClCompile>
    <ClCompile Include="sources\LuckyBlock.cpp">
      <Filter>Source Files\Block</Filter>
    </ClCompile>
    <ClCompile Include="sources\Obstacles.cpp">
      <Filter>Source Files\Block</Filter>
    </ClCompile>
    <ClCompile Include="sources\Slopes.cpp">
      <Filter>Source Files\Block</Filter>
    </ClCompile>
    <ClCompile Include="sources\CoinEffect.cpp">
      <Filter>Source Files\Effect</Filter>
    </ClCompile>
    <ClCompile Include="sources\BrickParticle.cpp">
      <Filter>Source Files\Effect</Filter>
    </ClCompile>
    <ClCompile Include="sources\GoombaAIEffect.cpp">
      <Filter>Source Files\Effect</Filter>
    </ClCompile>
    <ClCompile Include="sources\ScoreEffect.cpp">
      <Filter>Source Files\Effect</Filter>
    </ClCompile>
    <ClCompile Include="sources\Coin.cpp">
      <Filter>Source Files\Object</Filter>
    </ClCompile>
    <ClCompile Include="sources\GoombaAI.cpp">
      <Filter>Source Files\Object</Filter>
    </ClCompile>
    <ClCompile Include="sources\Mario.cpp">
      <Filter>Source Files\Object</Filter>
    </ClCompile>
    <ClCompile Include="sources\Font.cpp">
      <Filter>Source Files\Text</Filter>
    </ClCompile>
    <ClCompile Include="sources\Text.cpp">
      <Filter>Source Files\Text</Filter>
    </ClCompile>
    <ClCompile Include="sources\SoundManager.cpp">
      <Filter>Source Files\Core</Filter>
    </ClCompile>
    <ClCompile Include="sources\PiranhaAI.cpp">
      <Filter>Source Files\Object</Filter>
    </ClCompile>
    <ClCompile Include="sources\Spike.cpp">
      <Filter>Source Files\Object</Filter>
    </ClCompile>
    <ClCompile Include="sources\MusicManager.cpp">
      <Filter>Source Files\Core</Filter>
    </ClCompile>
    <ClCompile Include="sources\Music.cpp">
      <Filter>Source Files\Core</Filter>
    </ClCompile>
    <ClCompile Include="sources\MarioEffect.cpp">
      <Filter>Source Files\Effect</Filter>
    </ClCompile>
    <ClCompile Include="sources\BgGradient.cpp">
      <Filter>Source Files\Core\Background</Filter>
    </ClCompile>
    <ClCompile Include="sources\Bg.cpp">
      <Filter>Source Files\Core\Background</Filter>
    </ClCompile>
    <ClCompile Include="sources\ExitGate.cpp">
      <Filter>Source Files\Object</Filter>
    </ClCompile>
    <ClCompile Include="sources\LocalAnimationManager.cpp">
      <Filter>Source Files\Core\Animate</Filter>
    </ClCompile>
    <ClCompile Include="sources\Interpolation.cpp">
      <Filter>Source Files\Core</Filter>
    </ClCompile>
  </ItemGroup>
  <ItemGroup>
    <ClInclude Include="headers\Core\Animate\AnimationManager.hpp">
      <Filter>Header Files\Core\Animate</Filter>
    </ClInclude>
    <ClInclude Include="headers\Core\Animate\LocalAnimationManager.hpp">
      <Filter>Header Files\Core\Animate</Filter>
    </ClInclude>
    <ClInclude Include="headers\Core\Loading\enum.hpp">
      <Filter>Header Files\Core\Loading</Filter>
    </ClInclude>
    <ClInclude Include="headers\Core\Loading\Loading.hpp">
      <Filter>Header Files\Core\Loading</Filter>
    </ClInclude>
    <ClInclude Include="headers\Core\Collision\Collide.hpp">
      <Filter>Header Files\Core\Collision</Filter>
    </ClInclude>
    <ClInclude Include="headers\Core\MultiThreading\ThreadPool.hpp">
      <Filter>Header Files\Core\MultiThreading</Filter>
    </ClInclude>
    <ClInclude Include="headers\Core\Level.hpp">
      <Filter>Header Files\Core</Filter>
    </ClInclude>
    <ClInclude Include="headers\Core\Scroll.hpp">
      <Filter>Header Files\Core</Filter>
    </ClInclude>
    <ClInclude Include="headers\Core\Sound.hpp">
      <Filter>Header Files\Core</Filter>
    </ClInclude>
    <ClInclude Include="headers\Core\TextureManager.hpp">
      <Filter>Header Files\Core</Filter>
    </ClInclude>
    <ClInclude Include="headers\Core\WindowFrame.hpp">
      <Filter>Header Files\Core</Filter>
    </ClInclude>
    <ClInclude Include="headers\Block\Brick.hpp">
      <Filter>Header Files\Block</Filter>
    </ClInclude>
    <ClInclude Include="headers\Block\LuckyBlock.hpp">
      <Filter>Header Files\Block</Filter>
    </ClInclude>
    <ClInclude Include="headers\Block\Obstacles.hpp">
      <Filter>Header Files\Block</Filter>
    </ClInclude>
    <ClInclude Include="headers\Block\Slopes.hpp">
      <Filter>Header Files\Block</Filter>
    </ClInclude>
    <ClInclude Include="headers\Effect\BrickParticle.hpp">
      <Filter>Header Files\Effect</Filter>
    </ClInclude>
    <ClInclude Include="headers\Effect\CoinEffect.hpp">
      <Filter>Header Files\Effect</Filter>
    </ClInclude>
    <ClInclude Include="headers\Effect\GoombaAIEffect.hpp">
      <Filter>Header Files\Effect</Filter>
    </ClInclude>
    <ClInclude Include="headers\Effect\ScoreEffect.hpp">
      <Filter>Header Files\Effect</Filter>
    </ClInclude>
    <ClInclude Include="headers\Object\Coin.hpp">
      <Filter>Header Files\Object</Filter>
    </ClInclude>
    <ClInclude Include="headers\Object\GoombaAI.hpp">
      <Filter>Header Files\Object</Filter>
    </ClInclude>
    <ClInclude Include="headers\Object\Mario.hpp">
      <Filter>Header Files\Object</Filter>
    </ClInclude>
    <ClInclude Include="headers\Text\Font.hpp">
      <Filter>Header Files\Text</Filter>
    </ClInclude>
    <ClInclude Include="headers\Text\Text.hpp">
      <Filter>Header Files\Text</Filter>
    </ClInclude>
    <ClInclude Include="headers\Core\SoundManager.hpp">
      <Filter>Header Files\Core</Filter>
    </ClInclude>
    <ClInclude Include="headers\Object\PiranhaAI.hpp">
      <Filter>Header Files\Object</Filter>
    </ClInclude>
    <ClInclude Include="headers\Object\Spike.hpp">
      <Filter>Header Files\Object</Filter>
    </ClInclude>
    <ClInclude Include="headers\Core\MusicManager.hpp">
      <Filter>Header Files\Core</Filter>
    </ClInclude>
    <ClInclude Include="headers\Core\Music.hpp">
      <Filter>Header Files\Core</Filter>
    </ClInclude>
    <ClInclude Include="headers\Effect\MarioEffect.hpp">
      <Filter>Header Files\Effect</Filter>
    </ClInclude>
    <ClInclude Include="headers\Core\Background\BgGradient.hpp">
      <Filter>Header Files\Core\Background</Filter>
    </ClInclude>
    <ClInclude Include="headers\Core\Background\Bg.hpp">
      <Filter>Header Files\Core\Background</Filter>
    </ClInclude>
    <ClInclude Include="headers\Object\ExitGate.hpp">
      <Filter>Header Files\Object</Filter>
    </ClInclude>
    <ClInclude Include="resource.h">
      <Filter>Header Files</Filter>
    </ClInclude>
    <ClInclude Include="headers\Core\ExternalHeaders\sfMod\Error.hpp">
      <Filter>Header Files\Core\ExternalHeaders\sfMod</Filter>
    </ClInclude>
    <ClInclude Include="headers\Core\ExternalHeaders\sfMod\sfMod.hpp">
      <Filter>Header Files\Core\ExternalHeaders\sfMod</Filter>
    </ClInclude>
    <ClInclude Include="headers\Core\ExternalHeaders\Kairos\Absorel.hpp">
      <Filter>Header Files\Core\ExternalHeaders\Kairos</Filter>
    </ClInclude>
    <ClInclude Include="headers\Core\ExternalHeaders\Kairos\all.hpp">
      <Filter>Header Files\Core\ExternalHeaders\Kairos</Filter>
    </ClInclude>
    <ClInclude Include="headers\Core\ExternalHeaders\Kairos\BasicClock.hpp">
      <Filter>Header Files\Core\ExternalHeaders\Kairos</Filter>
    </ClInclude>
    <ClInclude Include="headers\Core\ExternalHeaders\Kairos\Continuum.hpp">
      <Filter>Header Files\Core\ExternalHeaders\Kairos</Filter>
    </ClInclude>
    <ClInclude Include="headers\Core\ExternalHeaders\Kairos\Duration.hpp">
      <Filter>Header Files\Core\ExternalHeaders\Kairos</Filter>
    </ClInclude>
    <ClInclude Include="headers\Core\ExternalHeaders\Kairos\FpsLite.hpp">
      <Filter>Header Files\Core\ExternalHeaders\Kairos</Filter>
    </ClInclude>
    <ClInclude Include="headers\Core\ExternalHeaders\Kairos\Stopwatch.hpp">
      <Filter>Header Files\Core\ExternalHeaders\Kairos</Filter>
    </ClInclude>
    <ClInclude Include="headers\Core\ExternalHeaders\Kairos\Timer.hpp">
      <Filter>Header Files\Core\ExternalHeaders\Kairos</Filter>
    </ClInclude>
    <ClInclude Include="headers\Core\ExternalHeaders\Kairos\Timestep.hpp">
      <Filter>Header Files\Core\ExternalHeaders\Kairos</Filter>
    </ClInclude>
    <ClInclude Include="headers\Core\ExternalHeaders\Kairos\TimestepLite.hpp">
      <Filter>Header Files\Core\ExternalHeaders\Kairos</Filter>
    </ClInclude>
    <ClInclude Include="headers\Core\ExternalHeaders\Kairos\Yalpes.hpp">
      <Filter>Header Files\Core\ExternalHeaders\Kairos</Filter>
    </ClInclude>
    <ClInclude Include="headers\Core\ExternalHeaders\Kairos.hpp">
      <Filter>Header Files\Core\ExternalHeaders</Filter>
    </ClInclude>
    <ClInclude Include="headers\Core\Interpolation.hpp">
      <Filter>Header Files\Core</Filter>
    </ClInclude>
  </ItemGroup>
  <ItemGroup>
    <Text Include="levels\lvl1.txt">
      <Filter>Level</Filter>
    </Text>
    <Text Include="levels\lvl2.txt">
      <Filter>Level</Filter>
    </Text>
  </ItemGroup>
  <ItemGroup>
    <ResourceCompile Include="Texture.rc">
      <Filter>Resource Files</Filter>
    </ResourceCompile>
    <ResourceCompile Include="Resource.rc">
      <Filter>Resource Files</Filter>
    </ResourceCompile>
  </ItemGroup>
  <ItemGroup>
    <Image Include="data\resources\GameICON.ico">
      <Filter>Resource Files</Filter>
    </Image>
  </ItemGroup>
  <ItemGroup>
    <None Include="headers\Core\ExternalHeaders\Kairos\Absorel.inl">
      <Filter>Header Files\Core\ExternalHeaders\Kairos</Filter>
    </None>
    <None Include="headers\Core\ExternalHeaders\Kairos\BasicClock.inl">
      <Filter>Header Files\Core\ExternalHeaders\Kairos</Filter>
    </None>
    <None Include="headers\Core\ExternalHeaders\Kairos\Continuum.inl">
      <Filter>Header Files\Core\ExternalHeaders\Kairos</Filter>
    </None>
    <None Include="headers\Core\ExternalHeaders\Kairos\Duration.inl">
      <Filter>Header Files\Core\ExternalHeaders\Kairos</Filter>
    </None>
    <None Include="headers\Core\ExternalHeaders\Kairos\FpsLite.inl">
      <Filter>Header Files\Core\ExternalHeaders\Kairos</Filter>
    </None>
    <None Include="headers\Core\ExternalHeaders\Kairos\Stopwatch.inl">
      <Filter>Header Files\Core\ExternalHeaders\Kairos</Filter>
    </None>
    <None Include="headers\Core\ExternalHeaders\Kairos\Timer.inl">
      <Filter>Header Files\Core\ExternalHeaders\Kairos</Filter>
    </None>
    <None Include="headers\Core\ExternalHeaders\Kairos\Timestep.inl">
      <Filter>Header Files\Core\ExternalHeaders\Kairos</Filter>
    </None>
    <None Include="headers\Core\ExternalHeaders\Kairos\TimestepLite.inl">
      <Filter>Header Files\Core\ExternalHeaders\Kairos</Filter>
    </None>
    <None Include="headers\Core\ExternalHeaders\Kairos\Yalpes.inl">
      <Filter>Header Files\Core\ExternalHeaders\Kairos</Filter>
    </None>
  </ItemGroup>
</Project>