<?xml version="1.0" encoding="utf-8"?>
<Project ToolsVersion="4.0" xmlns="http://schemas.microsoft.com/developer/msbuild/2003">
  <ItemGroup>
    <Filter Include="Source Files">
      <UniqueIdentifier>{4FC737F1-C7A5-4376-A066-2A32D752A2FF}</UniqueIdentifier>
      <Extensions>cpp;c;cc;cxx;c++;cppm;ixx;def;odl;idl;hpj;bat;asm;asmx</Extensions>
    </Filter>
    <Filter Include="Header Files">
      <UniqueIdentifier>{93995380-89BD-4b04-88EB-625FBE52EBFB}</UniqueIdentifier>
      <Extensions>h;hh;hpp;hxx;h++;hm;inl;inc;ipp;xsd</Extensions>
    </Filter>
    <Filter Include="Resource Files">
      <UniqueIdentifier>{67DA6AB6-F800-4c08-8B7A-83BB121AAD01}</UniqueIdentifier>
      <Extensions>rc;ico;cur;bmp;dlg;rc2;rct;bin;rgs;gif;jpg;jpeg;jpe;resx;tiff;tif;png;wav;mfcribbon-ms</Extensions>
    </Filter>
    <Filter Include="Level">
      <UniqueIdentifier>{8b35e122-b3ba-4578-92b6-10941986cddc}</UniqueIdentifier>
    </Filter>
    <Filter Include="Source Files\Core">
      <UniqueIdentifier>{ef110503-ddbe-43ab-b2ce-1467d2b400f6}</UniqueIdentifier>
    </Filter>
    <Filter Include="Source Files\Core\sfMod">
      <UniqueIdentifier>{f343c325-1b9c-44eb-90ab-fd0bceb82ff7}</UniqueIdentifier>
    </Filter>
    <Filter Include="Header Files\Core">
      <UniqueIdentifier>{fdcebf43-b910-4266-b1cd-10e3d90a5eb7}</UniqueIdentifier>
    </Filter>
    <Filter Include="Header Files\Core\sfMod">
      <UniqueIdentifier>{6a1a0d07-592b-4d85-b4a2-1de99a77ae9e}</UniqueIdentifier>
    </Filter>
  </ItemGroup>
  <ItemGroup>
    <ClCompile Include="Source.cpp">
      <Filter>Source Files</Filter>
    </ClCompile>
    <ClCompile Include="sources\Level.cpp">
      <Filter>Source Files</Filter>
    </ClCompile>
    <ClCompile Include="sources\Mario.cpp">
      <Filter>Source Files</Filter>
    </ClCompile>
    <ClCompile Include="sources\Obstacles.cpp">
      <Filter>Source Files</Filter>
    </ClCompile>
    <ClCompile Include="sources\WindowFrame.cpp">
      <Filter>Source Files</Filter>
    </ClCompile>
    <ClCompile Include="sources\Font.cpp">
      <Filter>Source Files</Filter>
    </ClCompile>
    <ClCompile Include="sources\Text.cpp">
      <Filter>Source Files</Filter>
    </ClCompile>
    <ClCompile Include="sources\Scroll.cpp">
      <Filter>Source Files</Filter>
    </ClCompile>
    <ClCompile Include="sources\Coin.cpp">
      <Filter>Source Files</Filter>
    </ClCompile>
    <ClCompile Include="sources\Brick.cpp">
      <Filter>Source Files</Filter>
    </ClCompile>
    <ClCompile Include="sources\CoinEffect.cpp">
      <Filter>Source Files</Filter>
    </ClCompile>
    <ClCompile Include="sources\LuckyBlock.cpp">
      <Filter>Source Files</Filter>
    </ClCompile>
    <ClCompile Include="sources\ScoreEffect.cpp">
      <Filter>Source Files</Filter>
    </ClCompile>
    <ClCompile Include="sources\Loading.cpp">
      <Filter>Source Files</Filter>
    </ClCompile>
    <ClCompile Include="sources\BrickParticle.cpp">
      <Filter>Source Files</Filter>
    </ClCompile>
    <ClCompile Include="sources\GoombaAI.cpp">
      <Filter>Source Files</Filter>
    </ClCompile>
    <ClCompile Include="sources\Collide.cpp">
      <Filter>Source Files</Filter>
    </ClCompile>
    <ClCompile Include="sources\GoombaAIEffect.cpp">
      <Filter>Source Files</Filter>
    </ClCompile>
    <ClCompile Include="sources\sfMod.cpp">
      <Filter>Source Files\Core\sfMod</Filter>
    </ClCompile>
    <ClCompile Include="sources\AnimationManager.cpp">
      <Filter>Source Files\Core</Filter>
    </ClCompile>
    <ClCompile Include="sources\Sound.cpp">
      <Filter>Source Files\Core</Filter>
    </ClCompile>
  </ItemGroup>
  <ItemGroup>
    <ClInclude Include="headers\Level.hpp">
      <Filter>Header Files</Filter>
    </ClInclude>
    <ClInclude Include="headers\Mario.hpp">
      <Filter>Header Files</Filter>
    </ClInclude>
    <ClInclude Include="headers\Obstacles.hpp">
      <Filter>Header Files</Filter>
    </ClInclude>
    <ClInclude Include="headers\WindowFrame.hpp">
      <Filter>Header Files</Filter>
    </ClInclude>
    <ClInclude Include="headers\Font.hpp">
      <Filter>Header Files</Filter>
    </ClInclude>
    <ClInclude Include="headers\Text.hpp">
      <Filter>Header Files</Filter>
    </ClInclude>
    <ClInclude Include="headers\Scroll.hpp">
      <Filter>Header Files</Filter>
    </ClInclude>
    <ClInclude Include="headers\Coin.hpp">
      <Filter>Header Files</Filter>
    </ClInclude>
    <ClInclude Include="headers\Brick.hpp">
      <Filter>Header Files</Filter>
    </ClInclude>
    <ClInclude Include="headers\CoinEffect.hpp">
      <Filter>Header Files</Filter>
    </ClInclude>
    <ClInclude Include="headers\LocalAnimationManager.hpp">
      <Filter>Header Files</Filter>
    </ClInclude>
    <ClInclude Include="headers\enum.hpp">
      <Filter>Header Files</Filter>
    </ClInclude>
    <ClInclude Include="headers\LuckyBlock.hpp">
      <Filter>Header Files</Filter>
    </ClInclude>
    <ClInclude Include="headers\ScoreEffect.hpp">
      <Filter>Header Files</Filter>
    </ClInclude>
    <ClInclude Include="resource.h">
      <Filter>Header Files</Filter>
    </ClInclude>
    <ClInclude Include="headers\Loading.hpp">
      <Filter>Header Files</Filter>
    </ClInclude>
    <ClInclude Include="headers\BrickParticle.hpp">
      <Filter>Header Files</Filter>
    </ClInclude>
    <ClInclude Include="headers\GoombaAI.hpp">
      <Filter>Header Files</Filter>
    </ClInclude>
    <ClInclude Include="headers\Collide.hpp">
      <Filter>Header Files</Filter>
    </ClInclude>
    <ClInclude Include="headers\GoombaAIEffect.hpp">
      <Filter>Header Files</Filter>
    </ClInclude>
    <ClInclude Include="headers\sfMod.hpp">
      <Filter>Header Files\Core\sfMod</Filter>
    </ClInclude>
    <ClInclude Include="headers\sfMod\Error.hpp">
      <Filter>Header Files\Core\sfMod</Filter>
    </ClInclude>
    <ClInclude Include="headers\AnimationManager.hpp">
      <Filter>Header Files\Core</Filter>
    </ClInclude>
    <ClInclude Include="headers\Sound.hpp">
      <Filter>Header Files\Core</Filter>
    </ClInclude>
  </ItemGroup>
  <ItemGroup>
    <Text Include="levels\lvl1.txt">
      <Filter>Level</Filter>
    </Text>
  </ItemGroup>
  <ItemGroup>
    <ResourceCompile Include="Mario Forever in C++.rc">
      <Filter>Resource Files</Filter>
    </ResourceCompile>
  </ItemGroup>
</Project>